
Microsoft Visual Studio Solution File, Format Version 12.00
# Visual Studio Version 16
VisualStudioVersion = 16.0.30114.105
MinimumVisualStudioVersion = 10.0.40219.1
Project("{2150E333-8FDC-42A3-9474-1A3956D46DE8}") = "src", "src", "{C26A4760-9AF0-480E-949E-C01DC10C029B}"
EndProject
Project("{FAE04EC0-301F-11D3-BF4B-00C04F79EFBC}") = "Legit.WebApi", "src\Legit.WebApi\Legit.WebApi.csproj", "{88523743-142C-4706-B466-A85E7B29F20A}"
EndProject
Project("{FAE04EC0-301F-11D3-BF4B-00C04F79EFBC}") = "Legit.Protos", "src\Legit.Protos\Legit.Protos.csproj", "{5B71EEE9-FE3A-4A23-A0E0-FCD63CD5C010}"
EndProject
Project("{FAE04EC0-301F-11D3-BF4B-00C04F79EFBC}") = "Legit.DomainServices", "src\Legit.DomainServices\Legit.DomainServices.csproj", "{9DFB133C-A169-437B-AA27-DE2734906964}"
EndProject
Project("{FAE04EC0-301F-11D3-BF4B-00C04F79EFBC}") = "Legit.GitClient", "src\Legit.GitClient\Legit.GitClient.csproj", "{3A47D28D-50A1-4A67-8D66-6FD8AB248383}"
EndProject
Project("{FAE04EC0-301F-11D3-BF4B-00C04F79EFBC}") = "Legit.RepositoryDALs", "src\Legit.RepositoryDALs\Legit.RepositoryDALs.csproj", "{4222B93C-3BF9-4019-8151-5212118F9B53}"
EndProject
Project("{FAE04EC0-301F-11D3-BF4B-00C04F79EFBC}") = "Legit.DomainModels", "src\Legit.DomainModels\Legit.DomainModels.csproj", "{1FC7016D-7626-48BF-982E-A6DB3373FD00}"
EndProject
Project("{2150E333-8FDC-42A3-9474-1A3956D46DE8}") = "tests", "tests", "{BDA6E398-5EFE-4C65-A0B4-5C819656E1D2}"
EndProject
Project("{FAE04EC0-301F-11D3-BF4B-00C04F79EFBC}") = "Legit.DomainModels.Tests", "tests\Legit.DomainModels.Tests\Legit.DomainModels.Tests.csproj", "{9B117DFC-4CFE-4092-9E75-C0EED98C44C1}"
EndProject
Project("{FAE04EC0-301F-11D3-BF4B-00C04F79EFBC}") = "Legit.DomainServices.Tests", "tests\Legit.DomainServices.Tests\Legit.DomainServices.Tests.csproj", "{2D428AD4-EC2D-4BA3-BDAD-982BFA942075}"
EndProject
Global
	GlobalSection(SolutionConfigurationPlatforms) = preSolution
		Debug|Any CPU = Debug|Any CPU
		Release|Any CPU = Release|Any CPU
	EndGlobalSection
	GlobalSection(SolutionProperties) = preSolution
		HideSolutionNode = FALSE
	EndGlobalSection
	GlobalSection(ProjectConfigurationPlatforms) = postSolution
		{88523743-142C-4706-B466-A85E7B29F20A}.Debug|Any CPU.ActiveCfg = Debug|Any CPU
		{88523743-142C-4706-B466-A85E7B29F20A}.Debug|Any CPU.Build.0 = Debug|Any CPU
		{88523743-142C-4706-B466-A85E7B29F20A}.Release|Any CPU.ActiveCfg = Release|Any CPU
		{88523743-142C-4706-B466-A85E7B29F20A}.Release|Any CPU.Build.0 = Release|Any CPU
		{5B71EEE9-FE3A-4A23-A0E0-FCD63CD5C010}.Debug|Any CPU.ActiveCfg = Debug|Any CPU
		{5B71EEE9-FE3A-4A23-A0E0-FCD63CD5C010}.Debug|Any CPU.Build.0 = Debug|Any CPU
		{5B71EEE9-FE3A-4A23-A0E0-FCD63CD5C010}.Release|Any CPU.ActiveCfg = Release|Any CPU
		{5B71EEE9-FE3A-4A23-A0E0-FCD63CD5C010}.Release|Any CPU.Build.0 = Release|Any CPU
		{9DFB133C-A169-437B-AA27-DE2734906964}.Debug|Any CPU.ActiveCfg = Debug|Any CPU
		{9DFB133C-A169-437B-AA27-DE2734906964}.Debug|Any CPU.Build.0 = Debug|Any CPU
		{9DFB133C-A169-437B-AA27-DE2734906964}.Release|Any CPU.ActiveCfg = Release|Any CPU
		{9DFB133C-A169-437B-AA27-DE2734906964}.Release|Any CPU.Build.0 = Release|Any CPU
		{3A47D28D-50A1-4A67-8D66-6FD8AB248383}.Debug|Any CPU.ActiveCfg = Debug|Any CPU
		{3A47D28D-50A1-4A67-8D66-6FD8AB248383}.Debug|Any CPU.Build.0 = Debug|Any CPU
		{3A47D28D-50A1-4A67-8D66-6FD8AB248383}.Release|Any CPU.ActiveCfg = Release|Any CPU
		{3A47D28D-50A1-4A67-8D66-6FD8AB248383}.Release|Any CPU.Build.0 = Release|Any CPU
		{4222B93C-3BF9-4019-8151-5212118F9B53}.Debug|Any CPU.ActiveCfg = Debug|Any CPU
		{4222B93C-3BF9-4019-8151-5212118F9B53}.Debug|Any CPU.Build.0 = Debug|Any CPU
		{4222B93C-3BF9-4019-8151-5212118F9B53}.Release|Any CPU.ActiveCfg = Release|Any CPU
		{4222B93C-3BF9-4019-8151-5212118F9B53}.Release|Any CPU.Build.0 = Release|Any CPU
		{1FC7016D-7626-48BF-982E-A6DB3373FD00}.Debug|Any CPU.ActiveCfg = Debug|Any CPU
		{1FC7016D-7626-48BF-982E-A6DB3373FD00}.Debug|Any CPU.Build.0 = Debug|Any CPU
		{1FC7016D-7626-48BF-982E-A6DB3373FD00}.Release|Any CPU.ActiveCfg = Release|Any CPU
		{1FC7016D-7626-48BF-982E-A6DB3373FD00}.Release|Any CPU.Build.0 = Release|Any CPU
		{9B117DFC-4CFE-4092-9E75-C0EED98C44C1}.Debug|Any CPU.ActiveCfg = Debug|Any CPU
		{9B117DFC-4CFE-4092-9E75-C0EED98C44C1}.Debug|Any CPU.Build.0 = Debug|Any CPU
		{9B117DFC-4CFE-4092-9E75-C0EED98C44C1}.Release|Any CPU.ActiveCfg = Release|Any CPU
		{9B117DFC-4CFE-4092-9E75-C0EED98C44C1}.Release|Any CPU.Build.0 = Release|Any CPU
		{2D428AD4-EC2D-4BA3-BDAD-982BFA942075}.Debug|Any CPU.ActiveCfg = Debug|Any CPU
		{2D428AD4-EC2D-4BA3-BDAD-982BFA942075}.Debug|Any CPU.Build.0 = Debug|Any CPU
		{2D428AD4-EC2D-4BA3-BDAD-982BFA942075}.Release|Any CPU.ActiveCfg = Release|Any CPU
		{2D428AD4-EC2D-4BA3-BDAD-982BFA942075}.Release|Any CPU.Build.0 = Release|Any CPU
	EndGlobalSection
	GlobalSection(NestedProjects) = preSolution
		{88523743-142C-4706-B466-A85E7B29F20A} = {C26A4760-9AF0-480E-949E-C01DC10C029B}
		{5B71EEE9-FE3A-4A23-A0E0-FCD63CD5C010} = {C26A4760-9AF0-480E-949E-C01DC10C029B}
		{9DFB133C-A169-437B-AA27-DE2734906964} = {C26A4760-9AF0-480E-949E-C01DC10C029B}
		{3A47D28D-50A1-4A67-8D66-6FD8AB248383} = {C26A4760-9AF0-480E-949E-C01DC10C029B}
		{4222B93C-3BF9-4019-8151-5212118F9B53} = {C26A4760-9AF0-480E-949E-C01DC10C029B}
		{1FC7016D-7626-48BF-982E-A6DB3373FD00} = {C26A4760-9AF0-480E-949E-C01DC10C029B}
		{9B117DFC-4CFE-4092-9E75-C0EED98C44C1} = {BDA6E398-5EFE-4C65-A0B4-5C819656E1D2}
		{2D428AD4-EC2D-4BA3-BDAD-982BFA942075} = {BDA6E398-5EFE-4C65-A0B4-5C819656E1D2}
	EndGlobalSection
EndGlobal
